
Microsoft Visual Studio Solution File, Format Version 12.00
# Visual Studio Version 16
VisualStudioVersion = 16.0.30907.101
MinimumVisualStudioVersion = 10.0.40219.1
Project("{FAE04EC0-301F-11D3-BF4B-00C04F79EFBC}") = "AntiNim", "AntiNim\AntiNim.csproj", "{DB1A3331-697E-4818-A997-59DA299A6427}"
EndProject
Global
	GlobalSection(SolutionConfigurationPlatforms) = preSolution
		Debug|Any CPU = Debug|Any CPU
		Release|Any CPU = Release|Any CPU
	EndGlobalSection
	GlobalSection(ProjectConfigurationPlatforms) = postSolution
		{DB1A3331-697E-4818-A997-59DA299A6427}.Debug|Any CPU.ActiveCfg = Debug|Any CPU
		{DB1A3331-697E-4818-A997-59DA299A6427}.Debug|Any CPU.Build.0 = Debug|Any CPU
		{DB1A3331-697E-4818-A997-59DA299A6427}.Release|Any CPU.ActiveCfg = Release|Any CPU
		{DB1A3331-697E-4818-A997-59DA299A6427}.Release|Any CPU.Build.0 = Release|Any CPU
	EndGlobalSection
	GlobalSection(SolutionProperties) = preSolution
		HideSolutionNode = FALSE
	EndGlobalSection
	GlobalSection(ExtensibilityGlobals) = postSolution
		SolutionGuid = {B06DE37B-B0A5-477D-9B38-5ACC110AFF29}
	EndGlobalSection
EndGlobal
